PODS:
  - ARCL (1.0.2)
  - FLEX (2.4.0)
  - Kingfisher (4.6.1)
  - ReachabilitySwift (4.1.0)
  - RxCocoa (4.1.1):
    - RxSwift (~> 4.0)
  - RxOptional (3.3.0):
    - RxCocoa (~> 4.0)
    - RxSwift (~> 4.0)
  - RxSwift (4.1.1)
  - SVProgressHUD (2.2.2)

DEPENDENCIES:
  - ARCL
  - FLEX (~> 2.0)
  - Kingfisher
  - ReachabilitySwift
  - RxCocoa
  - RxOptional
  - RxSwift
  - SVProgressHUD (from `https://github.com/SVProgressHUD/SVProgressHUD.git`)

EXTERNAL SOURCES:
  SVProgressHUD:
    :git: https://github.com/SVProgressHUD/SVProgressHUD.git

CHECKOUT OPTIONS:
  SVProgressHUD:
    :commit: 950e0857d3eed9276409e2e661cdd32a7e39bc6a
    :git: https://github.com/SVProgressHUD/SVProgressHUD.git

SPEC CHECKSUMS:
  ARCL: 88300cadfbdd6a9288ca17ad18d3ac972d6cb1e6
  FLEX: bd1a39e55b56bb413b6f1b34b3c10a0dc44ef079
  Kingfisher: 1f9157d9c02b380cbd0b7cc890161195164eb634
  ReachabilitySwift: 6849231cd4e06559f3b9ef4a97a0a0f96d41e09f
  RxCocoa: fd0862fd2df95fa55562ad28ffd2522c25eb4a85
  RxOptional: e5448d3e21024489e07c31f6a262f2b50c975367
  RxSwift: c6e3b1c7b325c7d121cd4327e9d98b7ed746b570
  SVProgressHUD: 59b2d3dabacbd051576d21d32293ca7228dc18b0

PODFILE CHECKSUM: b6b77d3364233b3695ccb7a2dfc98278ea8f0bd0

COCOAPODS: 1.3.1
